// !$*UTF8*$!
{
	archiveVersion = 1;
	classes = {
	};
	objectVersion = 52;
	objects = {

/* Begin PBXBuildFile section */
		5BF98C760065659E135A2C58 /* Pods_Pinned.framework in Frameworks */ = {isa = PBXBuildFile; fileRef = 14BD9AD681C59884901A930D /* Pods_Pinned.framework */; };
		9910C60F514A5A829A5DCA54 /* Pods_PinnedTests.framework in Frameworks */ = {isa = PBXBuildFile; fileRef = 72A79D4ED8D5396814352BA8 /* Pods_PinnedTests.framework */; };
		9D3315CC25BC96E00027A454 /* ResizableView.swift in Sources */ = {isa = PBXBuildFile; fileRef = 9D3315C725BC96DD0027A454 /* ResizableView.swift */; };
		9D3AE43A25CDD48800B8F858 /* NoteTableViewCell.swift in Sources */ = {isa = PBXBuildFile; fileRef = 9D3AE43925CDD48800B8F858 /* NoteTableViewCell.swift */; };
		9D3AE43F25CDD4F200B8F858 /* HeaderFooterTableViewCell.swift in Sources */ = {isa = PBXBuildFile; fileRef = 9D3AE43E25CDD4F200B8F858 /* HeaderFooterTableViewCell.swift */; };
		9D5C0B5625BA22CE00BE1AF0 /* AppDelegate.swift in Sources */ = {isa = PBXBuildFile; fileRef = 9D5C0B5525BA22CE00BE1AF0 /* AppDelegate.swift */; };
		9D5C0B5825BA22CE00BE1AF0 /* SceneDelegate.swift in Sources */ = {isa = PBXBuildFile; fileRef = 9D5C0B5725BA22CE00BE1AF0 /* SceneDelegate.swift */; };
		9D5C0B5A25BA22CE00BE1AF0 /* LoginViewController.swift in Sources */ = {isa = PBXBuildFile; fileRef = 9D5C0B5925BA22CE00BE1AF0 /* LoginViewController.swift */; };
		9D5C0B5D25BA22CE00BE1AF0 /* Main.storyboard in Resources */ = {isa = PBXBuildFile; fileRef = 9D5C0B5B25BA22CE00BE1AF0 /* Main.storyboard */; };
		9D5C0B5F25BA22D100BE1AF0 /* Assets.xcassets in Resources */ = {isa = PBXBuildFile; fileRef = 9D5C0B5E25BA22D100BE1AF0 /* Assets.xcassets */; };
		9D5C0B6225BA22D100BE1AF0 /* LaunchScreen.storyboard in Resources */ = {isa = PBXBuildFile; fileRef = 9D5C0B6025BA22D100BE1AF0 /* LaunchScreen.storyboard */; };
		9D5C0B6D25BA22D100BE1AF0 /* PinnedTests.swift in Sources */ = {isa = PBXBuildFile; fileRef = 9D5C0B6C25BA22D100BE1AF0 /* PinnedTests.swift */; };
		9D5C0B7825BA22D100BE1AF0 /* PinnedUITests.swift in Sources */ = {isa = PBXBuildFile; fileRef = 9D5C0B7725BA22D100BE1AF0 /* PinnedUITests.swift */; };
		9D5C0B9525BA2D6F00BE1AF0 /* GoogleService-Info.plist in Resources */ = {isa = PBXBuildFile; fileRef = 9D5C0B9425BA2D6F00BE1AF0 /* GoogleService-Info.plist */; };
		9D5DA10B25CF3866005662B7 /* SaveViewController.swift in Sources */ = {isa = PBXBuildFile; fileRef = 9D5DA10A25CF3866005662B7 /* SaveViewController.swift */; };
		9D682AA225D02C4800BEA0FE /* SelectLocationViewController.swift in Sources */ = {isa = PBXBuildFile; fileRef = 9D682AA125D02C4800BEA0FE /* SelectLocationViewController.swift */; };
		9D682AA725D0386700BEA0FE /* SearchLocationTableViewController.swift in Sources */ = {isa = PBXBuildFile; fileRef = 9D682AA625D0386700BEA0FE /* SearchLocationTableViewController.swift */; };
		9D69E15B25D19A9E001692BF /* exNSAttributedString.swift in Sources */ = {isa = PBXBuildFile; fileRef = 9D69E15A25D19A9E001692BF /* exNSAttributedString.swift */; };
		9D69E16025D1DDAF001692BF /* exUIFont.swift in Sources */ = {isa = PBXBuildFile; fileRef = 9D69E15F25D1DDAF001692BF /* exUIFont.swift */; };
		9D7062BB25C9FC2400B2DEB2 /* Note.swift in Sources */ = {isa = PBXBuildFile; fileRef = 9D7062BA25C9FC2400B2DEB2 /* Note.swift */; };
		9D74126725BA436800B940B4 /* CodableFirebase in Frameworks */ = {isa = PBXBuildFile; productRef = 9D74126625BA436800B940B4 /* CodableFirebase */; };
		9DA4194C25BB8828000EF4D9 /* CreateNoteViewController.swift in Sources */ = {isa = PBXBuildFile; fileRef = 9DA4194B25BB8828000EF4D9 /* CreateNoteViewController.swift */; };
		9DB87E7425BAFC4C00A1D79B /* NotesViewController.swift in Sources */ = {isa = PBXBuildFile; fileRef = 9DB87E7325BAFC4C00A1D79B /* NotesViewController.swift */; };
		9DB87ECC25BB12DA00A1D79B /* SettingsViewController.swift in Sources */ = {isa = PBXBuildFile; fileRef = 9DB87ECB25BB12DA00A1D79B /* SettingsViewController.swift */; };
		9DB87ED425BB19AE00A1D79B /* MapViewController.swift in Sources */ = {isa = PBXBuildFile; fileRef = 9DB87ED325BB19AE00A1D79B /* MapViewController.swift */; };
		C2F481A72FDED9548683FB3D /* Pods_Pinned_PinnedUITests.framework in Frameworks */ = {isa = PBXBuildFile; fileRef = E19C7A8C78F37370376BB9C4 /* Pods_Pinned_PinnedUITests.framework */; };
/* End PBXBuildFile section */

/* Begin PBXContainerItemProxy section */
		9D5C0B6925BA22D100BE1AF0 /* PBXContainerItemProxy */ = {
			isa = PBXContainerItemProxy;
			containerPortal = 9D5C0B4A25BA22CE00BE1AF0 /* Project object */;
			proxyType = 1;
			remoteGlobalIDString = 9D5C0B5125BA22CE00BE1AF0;
			remoteInfo = Pinned;
		};
		9D5C0B7425BA22D100BE1AF0 /* PBXContainerItemProxy */ = {
			isa = PBXContainerItemProxy;
			containerPortal = 9D5C0B4A25BA22CE00BE1AF0 /* Project object */;
			proxyType = 1;
			remoteGlobalIDString = 9D5C0B5125BA22CE00BE1AF0;
			remoteInfo = Pinned;
		};
/* End PBXContainerItemProxy section */

/* Begin PBXFileReference section */
		0E0A84CC11421AF9CF4EBED0 /* Pods-PinnedTests.debug.xcconfig */ = {isa = PBXFileReference; includeInIndex = 1; lastKnownFileType = text.xcconfig; name = "Pods-PinnedTests.debug.xcconfig"; path = "Target Support Files/Pods-PinnedTests/Pods-PinnedTests.debug.xcconfig"; sourceTree = "<group>"; };
		14BD9AD681C59884901A930D /* Pods_Pinned.framework */ = {isa = PBXFileReference; explicitFileType = wrapper.framework; includeInIndex = 0; path = Pods_Pinned.framework; sourceTree = BUILT_PRODUCTS_DIR; };
		1A5C5D1D1C61CB5E7F923EA9 /* Pods-Pinned-PinnedUITests.debug.xcconfig */ = {isa = PBXFileReference; includeInIndex = 1; lastKnownFileType = text.xcconfig; name = "Pods-Pinned-PinnedUITests.debug.xcconfig"; path = "Target Support Files/Pods-Pinned-PinnedUITests/Pods-Pinned-PinnedUITests.debug.xcconfig"; sourceTree = "<group>"; };
		1DCB65627DAC11E638A2F3F1 /* Pods-PinnedTests.release.xcconfig */ = {isa = PBXFileReference; includeInIndex = 1; lastKnownFileType = text.xcconfig; name = "Pods-PinnedTests.release.xcconfig"; path = "Target Support Files/Pods-PinnedTests/Pods-PinnedTests.release.xcconfig"; sourceTree = "<group>"; };
		72A79D4ED8D5396814352BA8 /* Pods_PinnedTests.framework */ = {isa = PBXFileReference; explicitFileType = wrapper.framework; includeInIndex = 0; path = Pods_PinnedTests.framework; sourceTree = BUILT_PRODUCTS_DIR; };
		7EBF255C4F20767D38FA9887 /* Pods-Pinned.debug.xcconfig */ = {isa = PBXFileReference; includeInIndex = 1; lastKnownFileType = text.xcconfig; name = "Pods-Pinned.debug.xcconfig"; path = "Target Support Files/Pods-Pinned/Pods-Pinned.debug.xcconfig"; sourceTree = "<group>"; };
		8653BBE5D305B090FC309D75 /* Pods-Pinned-PinnedUITests.release.xcconfig */ = {isa = PBXFileReference; includeInIndex = 1; lastKnownFileType = text.xcconfig; name = "Pods-Pinned-PinnedUITests.release.xcconfig"; path = "Target Support Files/Pods-Pinned-PinnedUITests/Pods-Pinned-PinnedUITests.release.xcconfig"; sourceTree = "<group>"; };
		9D3315C725BC96DD0027A454 /* ResizableView.swift */ = {isa = PBXFileReference; lastKnownFileType = sourcecode.swift; name = ResizableView.swift; path = Pinned/Note/ResizableView.swift; sourceTree = SOURCE_ROOT; };
		9D3AE43925CDD48800B8F858 /* NoteTableViewCell.swift */ = {isa = PBXFileReference; lastKnownFileType = sourcecode.swift; path = NoteTableViewCell.swift; sourceTree = "<group>"; };
		9D3AE43E25CDD4F200B8F858 /* HeaderFooterTableViewCell.swift */ = {isa = PBXFileReference; lastKnownFileType = sourcecode.swift; path = HeaderFooterTableViewCell.swift; sourceTree = "<group>"; };
		9D5C0B5225BA22CE00BE1AF0 /* Pinned.app */ = {isa = PBXFileReference; explicitFileType = wrapper.application; includeInIndex = 0; path = Pinned.app; sourceTree = BUILT_PRODUCTS_DIR; };
		9D5C0B5525BA22CE00BE1AF0 /* AppDelegate.swift */ = {isa = PBXFileReference; lastKnownFileType = sourcecode.swift; path = AppDelegate.swift; sourceTree = "<group>"; };
		9D5C0B5725BA22CE00BE1AF0 /* SceneDelegate.swift */ = {isa = PBXFileReference; lastKnownFileType = sourcecode.swift; path = SceneDelegate.swift; sourceTree = "<group>"; };
		9D5C0B5925BA22CE00BE1AF0 /* LoginViewController.swift */ = {isa = PBXFileReference; lastKnownFileType = sourcecode.swift; path = LoginViewController.swift; sourceTree = "<group>"; };
		9D5C0B5C25BA22CE00BE1AF0 /* Base */ = {isa = PBXFileReference; lastKnownFileType = file.storyboard; name = Base; path = Base.lproj/Main.storyboard; sourceTree = "<group>"; };
		9D5C0B5E25BA22D100BE1AF0 /* Assets.xcassets */ = {isa = PBXFileReference; lastKnownFileType = folder.assetcatalog; path = Assets.xcassets; sourceTree = "<group>"; };
		9D5C0B6125BA22D100BE1AF0 /* Base */ = {isa = PBXFileReference; lastKnownFileType = file.storyboard; name = Base; path = Base.lproj/LaunchScreen.storyboard; sourceTree = "<group>"; };
		9D5C0B6325BA22D100BE1AF0 /* Info.plist */ = {isa = PBXFileReference; lastKnownFileType = text.plist.xml; path = Info.plist; sourceTree = "<group>"; };
		9D5C0B6825BA22D100BE1AF0 /* PinnedTests.xctest */ = {isa = PBXFileReference; explicitFileType = wrapper.cfbundle; includeInIndex = 0; path = PinnedTests.xctest; sourceTree = BUILT_PRODUCTS_DIR; };
		9D5C0B6C25BA22D100BE1AF0 /* PinnedTests.swift */ = {isa = PBXFileReference; lastKnownFileType = sourcecode.swift; path = PinnedTests.swift; sourceTree = "<group>"; };
		9D5C0B6E25BA22D100BE1AF0 /* Info.plist */ = {isa = PBXFileReference; lastKnownFileType = text.plist.xml; path = Info.plist; sourceTree = "<group>"; };
		9D5C0B7325BA22D100BE1AF0 /* PinnedUITests.xctest */ = {isa = PBXFileReference; explicitFileType = wrapper.cfbundle; includeInIndex = 0; path = PinnedUITests.xctest; sourceTree = BUILT_PRODUCTS_DIR; };
		9D5C0B7725BA22D100BE1AF0 /* PinnedUITests.swift */ = {isa = PBXFileReference; lastKnownFileType = sourcecode.swift; path = PinnedUITests.swift; sourceTree = "<group>"; };
		9D5C0B7925BA22D100BE1AF0 /* Info.plist */ = {isa = PBXFileReference; lastKnownFileType = text.plist.xml; path = Info.plist; sourceTree = "<group>"; };
		9D5C0B9425BA2D6F00BE1AF0 /* GoogleService-Info.plist */ = {isa = PBXFileReference; lastKnownFileType = text.plist.xml; path = "GoogleService-Info.plist"; sourceTree = "<group>"; };
		9D5DA10A25CF3866005662B7 /* SaveViewController.swift */ = {isa = PBXFileReference; lastKnownFileType = sourcecode.swift; path = SaveViewController.swift; sourceTree = "<group>"; };
		9D682AA125D02C4800BEA0FE /* SelectLocationViewController.swift */ = {isa = PBXFileReference; lastKnownFileType = sourcecode.swift; path = SelectLocationViewController.swift; sourceTree = "<group>"; };
		9D682AA625D0386700BEA0FE /* SearchLocationTableViewController.swift */ = {isa = PBXFileReference; lastKnownFileType = sourcecode.swift; path = SearchLocationTableViewController.swift; sourceTree = "<group>"; };
		9D69E15A25D19A9E001692BF /* exNSAttributedString.swift */ = {isa = PBXFileReference; lastKnownFileType = sourcecode.swift; path = exNSAttributedString.swift; sourceTree = "<group>"; };
		9D69E15F25D1DDAF001692BF /* exUIFont.swift */ = {isa = PBXFileReference; lastKnownFileType = sourcecode.swift; path = exUIFont.swift; sourceTree = "<group>"; };
		9D7062BA25C9FC2400B2DEB2 /* Note.swift */ = {isa = PBXFileReference; lastKnownFileType = sourcecode.swift; path = Note.swift; sourceTree = "<group>"; };
		9DA4194B25BB8828000EF4D9 /* CreateNoteViewController.swift */ = {isa = PBXFileReference; lastKnownFileType = sourcecode.swift; path = CreateNoteViewController.swift; sourceTree = "<group>"; };
		9DB87E7325BAFC4C00A1D79B /* NotesViewController.swift */ = {isa = PBXFileReference; lastKnownFileType = sourcecode.swift; path = NotesViewController.swift; sourceTree = "<group>"; };
		9DB87ECB25BB12DA00A1D79B /* SettingsViewController.swift */ = {isa = PBXFileReference; lastKnownFileType = sourcecode.swift; path = SettingsViewController.swift; sourceTree = "<group>"; };
		9DB87ED325BB19AE00A1D79B /* MapViewController.swift */ = {isa = PBXFileReference; lastKnownFileType = sourcecode.swift; path = MapViewController.swift; sourceTree = "<group>"; };
		E19C7A8C78F37370376BB9C4 /* Pods_Pinned_PinnedUITests.framework */ = {isa = PBXFileReference; explicitFileType = wrapper.framework; includeInIndex = 0; path = Pods_Pinned_PinnedUITests.framework; sourceTree = BUILT_PRODUCTS_DIR; };
		E71DBFE2CA63461FF631E1A6 /* Pods-Pinned.release.xcconfig */ = {isa = PBXFileReference; includeInIndex = 1; lastKnownFileType = text.xcconfig; name = "Pods-Pinned.release.xcconfig"; path = "Target Support Files/Pods-Pinned/Pods-Pinned.release.xcconfig"; sourceTree = "<group>"; };
/* End PBXFileReference section */

/* Begin PBXFrameworksBuildPhase section */
		9D5C0B4F25BA22CE00BE1AF0 /* Frameworks */ = {
			isa = PBXFrameworksBuildPhase;
			buildActionMask = 2147483647;
			files = (
				9D74126725BA436800B940B4 /* CodableFirebase in Frameworks */,
				5BF98C760065659E135A2C58 /* Pods_Pinned.framework in Frameworks */,
			);
			runOnlyForDeploymentPostprocessing = 0;
		};
		9D5C0B6525BA22D100BE1AF0 /* Frameworks */ = {
			isa = PBXFrameworksBuildPhase;
			buildActionMask = 2147483647;
			files = (
				9910C60F514A5A829A5DCA54 /* Pods_PinnedTests.framework in Frameworks */,
			);
			runOnlyForDeploymentPostprocessing = 0;
		};
		9D5C0B7025BA22D100BE1AF0 /* Frameworks */ = {
			isa = PBXFrameworksBuildPhase;
			buildActionMask = 2147483647;
			files = (
				C2F481A72FDED9548683FB3D /* Pods_Pinned_PinnedUITests.framework in Frameworks */,
			);
			runOnlyForDeploymentPostprocessing = 0;
		};
/* End PBXFrameworksBuildPhase section */

/* Begin PBXGroup section */
		6BDE15A97BE87326817A157C /* Frameworks */ = {
			isa = PBXGroup;
			children = (
				14BD9AD681C59884901A930D /* Pods_Pinned.framework */,
				E19C7A8C78F37370376BB9C4 /* Pods_Pinned_PinnedUITests.framework */,
				72A79D4ED8D5396814352BA8 /* Pods_PinnedTests.framework */,
			);
			name = Frameworks;
			sourceTree = "<group>";
		};
		9D5C0B4925BA22CE00BE1AF0 = {
			isa = PBXGroup;
			children = (
				9D5C0B5425BA22CE00BE1AF0 /* Pinned */,
				9D5C0B6B25BA22D100BE1AF0 /* PinnedTests */,
				9D5C0B7625BA22D100BE1AF0 /* PinnedUITests */,
				9D5C0B5325BA22CE00BE1AF0 /* Products */,
				9FE6AC57C2A89595F5D93D76 /* Pods */,
				6BDE15A97BE87326817A157C /* Frameworks */,
			);
			sourceTree = "<group>";
		};
		9D5C0B5325BA22CE00BE1AF0 /* Products */ = {
			isa = PBXGroup;
			children = (
				9D5C0B5225BA22CE00BE1AF0 /* Pinned.app */,
				9D5C0B6825BA22D100BE1AF0 /* PinnedTests.xctest */,
				9D5C0B7325BA22D100BE1AF0 /* PinnedUITests.xctest */,
			);
			name = Products;
			sourceTree = "<group>";
		};
		9D5C0B5425BA22CE00BE1AF0 /* Pinned */ = {
			isa = PBXGroup;
			children = (
				9D5C0B5E25BA22D100BE1AF0 /* Assets.xcassets */,
				9D5C0B6325BA22D100BE1AF0 /* Info.plist */,
				9D5C0B9425BA2D6F00BE1AF0 /* GoogleService-Info.plist */,
				9D69E16425D1E05F001692BF /* SavingNote */,
				9D69E16525D1E089001692BF /* NoteTable */,
				9D69E16625D1E0C1001692BF /* Note */,
				9D5C0B5525BA22CE00BE1AF0 /* AppDelegate.swift */,
				9DA4194B25BB8828000EF4D9 /* CreateNoteViewController.swift */,
				9D5C0B5725BA22CE00BE1AF0 /* SceneDelegate.swift */,
				9D5C0B5925BA22CE00BE1AF0 /* LoginViewController.swift */,
				9D5C0B5B25BA22CE00BE1AF0 /* Main.storyboard */,
				9D5C0B6025BA22D100BE1AF0 /* LaunchScreen.storyboard */,
				9DB87ECB25BB12DA00A1D79B /* SettingsViewController.swift */,
				9DB87ED325BB19AE00A1D79B /* MapViewController.swift */,
				9D69E15A25D19A9E001692BF /* exNSAttributedString.swift */,
				9D69E15F25D1DDAF001692BF /* exUIFont.swift */,
			);
			path = Pinned;
			sourceTree = "<group>";
		};
		9D5C0B6B25BA22D100BE1AF0 /* PinnedTests */ = {
			isa = PBXGroup;
			children = (
				9D5C0B6C25BA22D100BE1AF0 /* PinnedTests.swift */,
				9D5C0B6E25BA22D100BE1AF0 /* Info.plist */,
			);
			path = PinnedTests;
			sourceTree = "<group>";
		};
		9D5C0B7625BA22D100BE1AF0 /* PinnedUITests */ = {
			isa = PBXGroup;
			children = (
				9D5C0B7725BA22D100BE1AF0 /* PinnedUITests.swift */,
				9D5C0B7925BA22D100BE1AF0 /* Info.plist */,
			);
			path = PinnedUITests;
			sourceTree = "<group>";
		};
		9D69E16425D1E05F001692BF /* SavingNote */ = {
			isa = PBXGroup;
			children = (
				9D5DA10A25CF3866005662B7 /* SaveViewController.swift */,
				9D682AA125D02C4800BEA0FE /* SelectLocationViewController.swift */,
				9D682AA625D0386700BEA0FE /* SearchLocationTableViewController.swift */,
			);
			path = SavingNote;
			sourceTree = "<group>";
		};
		9D69E16525D1E089001692BF /* NoteTable */ = {
			isa = PBXGroup;
			children = (
				9D3AE43925CDD48800B8F858 /* NoteTableViewCell.swift */,
				9DB87E7325BAFC4C00A1D79B /* NotesViewController.swift */,
				9D3AE43E25CDD4F200B8F858 /* HeaderFooterTableViewCell.swift */,
			);
			path = NoteTable;
			sourceTree = "<group>";
		};
		9D69E16625D1E0C1001692BF /* Note */ = {
			isa = PBXGroup;
			children = (
				9D3315C725BC96DD0027A454 /* ResizableView.swift */,
				9D7062BA25C9FC2400B2DEB2 /* Note.swift */,
			);
			path = Note;
			sourceTree = "<group>";
		};
		9FE6AC57C2A89595F5D93D76 /* Pods */ = {
			isa = PBXGroup;
			children = (
				7EBF255C4F20767D38FA9887 /* Pods-Pinned.debug.xcconfig */,
				E71DBFE2CA63461FF631E1A6 /* Pods-Pinned.release.xcconfig */,
				1A5C5D1D1C61CB5E7F923EA9 /* Pods-Pinned-PinnedUITests.debug.xcconfig */,
				8653BBE5D305B090FC309D75 /* Pods-Pinned-PinnedUITests.release.xcconfig */,
				0E0A84CC11421AF9CF4EBED0 /* Pods-PinnedTests.debug.xcconfig */,
				1DCB65627DAC11E638A2F3F1 /* Pods-PinnedTests.release.xcconfig */,
			);
			path = Pods;
			sourceTree = "<group>";
		};
/* End PBXGroup section */

/* Begin PBXNativeTarget section */
		9D5C0B5125BA22CE00BE1AF0 /* Pinned */ = {
			isa = PBXNativeTarget;
			buildConfigurationList = 9D5C0B7C25BA22D100BE1AF0 /* Build configuration list for PBXNativeTarget "Pinned" */;
			buildPhases = (
				E614FAF0FFF3AB712AB4D306 /* [CP] Check Pods Manifest.lock */,
				9D5C0B4E25BA22CE00BE1AF0 /* Sources */,
				9D5C0B4F25BA22CE00BE1AF0 /* Frameworks */,
				9D5C0B5025BA22CE00BE1AF0 /* Resources */,
				6FD58A29A25D2DCEA1E0820D /* [CP] Embed Pods Frameworks */,
				8F4A1ECFCDAB43AA023EC903 /* [CP] Copy Pods Resources */,
			);
			buildRules = (
			);
			dependencies = (
			);
			name = Pinned;
			packageProductDependencies = (
				9D74126625BA436800B940B4 /* CodableFirebase */,
			);
			productName = Pinned;
			productReference = 9D5C0B5225BA22CE00BE1AF0 /* Pinned.app */;
			productType = "com.apple.product-type.application";
		};
		9D5C0B6725BA22D100BE1AF0 /* PinnedTests */ = {
			isa = PBXNativeTarget;
			buildConfigurationList = 9D5C0B7F25BA22D100BE1AF0 /* Build configuration list for PBXNativeTarget "PinnedTests" */;
			buildPhases = (
				F38026CCF2D5AAEFCB570E6F /* [CP] Check Pods Manifest.lock */,
				9D5C0B6425BA22D100BE1AF0 /* Sources */,
				9D5C0B6525BA22D100BE1AF0 /* Frameworks */,
				9D5C0B6625BA22D100BE1AF0 /* Resources */,
			);
			buildRules = (
			);
			dependencies = (
				9D5C0B6A25BA22D100BE1AF0 /* PBXTargetDependency */,
			);
			name = PinnedTests;
			productName = PinnedTests;
			productReference = 9D5C0B6825BA22D100BE1AF0 /* PinnedTests.xctest */;
			productType = "com.apple.product-type.bundle.unit-test";
		};
		9D5C0B7225BA22D100BE1AF0 /* PinnedUITests */ = {
			isa = PBXNativeTarget;
			buildConfigurationList = 9D5C0B8225BA22D100BE1AF0 /* Build configuration list for PBXNativeTarget "PinnedUITests" */;
			buildPhases = (
				14B874312DACDE56899BAFA4 /* [CP] Check Pods Manifest.lock */,
				9D5C0B6F25BA22D100BE1AF0 /* Sources */,
				9D5C0B7025BA22D100BE1AF0 /* Frameworks */,
				9D5C0B7125BA22D100BE1AF0 /* Resources */,
				3709FB486912884E47F0B8EB /* [CP] Embed Pods Frameworks */,
				926C0CB73E26471066749142 /* [CP] Copy Pods Resources */,
			);
			buildRules = (
			);
			dependencies = (
				9D5C0B7525BA22D100BE1AF0 /* PBXTargetDependency */,
			);
			name = PinnedUITests;
			productName = PinnedUITests;
			productReference = 9D5C0B7325BA22D100BE1AF0 /* PinnedUITests.xctest */;
			productType = "com.apple.product-type.bundle.ui-testing";
		};
/* End PBXNativeTarget section */

/* Begin PBXProject section */
		9D5C0B4A25BA22CE00BE1AF0 /* Project object */ = {
			isa = PBXProject;
			attributes = {
				LastSwiftUpdateCheck = 1230;
				LastUpgradeCheck = 1230;
				TargetAttributes = {
					9D5C0B5125BA22CE00BE1AF0 = {
						CreatedOnToolsVersion = 12.3;
					};
					9D5C0B6725BA22D100BE1AF0 = {
						CreatedOnToolsVersion = 12.3;
						TestTargetID = 9D5C0B5125BA22CE00BE1AF0;
					};
					9D5C0B7225BA22D100BE1AF0 = {
						CreatedOnToolsVersion = 12.3;
						TestTargetID = 9D5C0B5125BA22CE00BE1AF0;
					};
				};
			};
			buildConfigurationList = 9D5C0B4D25BA22CE00BE1AF0 /* Build configuration list for PBXProject "Pinned" */;
			compatibilityVersion = "Xcode 9.3";
			developmentRegion = en;
			hasScannedForEncodings = 0;
			knownRegions = (
				en,
				Base,
			);
			mainGroup = 9D5C0B4925BA22CE00BE1AF0;
			packageReferences = (
				9D74126525BA436800B940B4 /* XCRemoteSwiftPackageReference "CodableFirebase" */,
			);
			productRefGroup = 9D5C0B5325BA22CE00BE1AF0 /* Products */;
			projectDirPath = "";
			projectRoot = "";
			targets = (
				9D5C0B5125BA22CE00BE1AF0 /* Pinned */,
				9D5C0B6725BA22D100BE1AF0 /* PinnedTests */,
				9D5C0B7225BA22D100BE1AF0 /* PinnedUITests */,
			);
		};
/* End PBXProject section */

/* Begin PBXResourcesBuildPhase section */
		9D5C0B5025BA22CE00BE1AF0 /* Resources */ = {
			isa = PBXResourcesBuildPhase;
			buildActionMask = 2147483647;
			files = (
				9D5C0B6225BA22D100BE1AF0 /* LaunchScreen.storyboard in Resources */,
				9D5C0B9525BA2D6F00BE1AF0 /* GoogleService-Info.plist in Resources */,
				9D5C0B5F25BA22D100BE1AF0 /* Assets.xcassets in Resources */,
				9D5C0B5D25BA22CE00BE1AF0 /* Main.storyboard in Resources */,
			);
			runOnlyForDeploymentPostprocessing = 0;
		};
		9D5C0B6625BA22D100BE1AF0 /* Resources */ = {
			isa = PBXResourcesBuildPhase;
			buildActionMask = 2147483647;
			files = (
			);
			runOnlyForDeploymentPostprocessing = 0;
		};
		9D5C0B7125BA22D100BE1AF0 /* Resources */ = {
			isa = PBXResourcesBuildPhase;
			buildActionMask = 2147483647;
			files = (
			);
			runOnlyForDeploymentPostprocessing = 0;
		};
/* End PBXResourcesBuildPhase section */

/* Begin PBXShellScriptBuildPhase section */
		14B874312DACDE56899BAFA4 /* [CP] Check Pods Manifest.lock */ = {
			isa = PBXShellScriptBuildPhase;
			buildActionMask = 2147483647;
			files = (
			);
			inputFileListPaths = (
			);
			inputPaths = (
				"${PODS_PODFILE_DIR_PATH}/Podfile.lock",
				"${PODS_ROOT}/Manifest.lock",
			);
			name = "[CP] Check Pods Manifest.lock";
			outputFileListPaths = (
			);
			outputPaths = (
				"$(DERIVED_FILE_DIR)/Pods-Pinned-PinnedUITests-checkManifestLockResult.txt",
			);
			runOnlyForDeploymentPostprocessing = 0;
			shellPath = /bin/sh;
			shellScript = "diff \"${PODS_PODFILE_DIR_PATH}/Podfile.lock\" \"${PODS_ROOT}/Manifest.lock\" > /dev/null\nif [ $? != 0 ] ; then\n    # print error to STDERR\n    echo \"error: The sandbox is not in sync with the Podfile.lock. Run 'pod install' or update your CocoaPods installation.\" >&2\n    exit 1\nfi\n# This output is used by Xcode 'outputs' to avoid re-running this script phase.\necho \"SUCCESS\" > \"${SCRIPT_OUTPUT_FILE_0}\"\n";
			showEnvVarsInLog = 0;
		};
		3709FB486912884E47F0B8EB /* [CP] Embed Pods Frameworks */ = {
			isa = PBXShellScriptBuildPhase;
			buildActionMask = 2147483647;
			files = (
			);
			inputFileListPaths = (
				"${PODS_ROOT}/Target Support Files/Pods-Pinned-PinnedUITests/Pods-Pinned-PinnedUITests-frameworks-${CONFIGURATION}-input-files.xcfilelist",
			);
			name = "[CP] Embed Pods Frameworks";
			outputFileListPaths = (
				"${PODS_ROOT}/Target Support Files/Pods-Pinned-PinnedUITests/Pods-Pinned-PinnedUITests-frameworks-${CONFIGURATION}-output-files.xcfilelist",
			);
			runOnlyForDeploymentPostprocessing = 0;
			shellPath = /bin/sh;
			shellScript = "\"${PODS_ROOT}/Target Support Files/Pods-Pinned-PinnedUITests/Pods-Pinned-PinnedUITests-frameworks.sh\"\n";
			showEnvVarsInLog = 0;
		};
		6FD58A29A25D2DCEA1E0820D /* [CP] Embed Pods Frameworks */ = {
			isa = PBXShellScriptBuildPhase;
			buildActionMask = 2147483647;
			files = (
			);
			inputFileListPaths = (
				"${PODS_ROOT}/Target Support Files/Pods-Pinned/Pods-Pinned-frameworks-${CONFIGURATION}-input-files.xcfilelist",
			);
			name = "[CP] Embed Pods Frameworks";
			outputFileListPaths = (
				"${PODS_ROOT}/Target Support Files/Pods-Pinned/Pods-Pinned-frameworks-${CONFIGURATION}-output-files.xcfilelist",
			);
			runOnlyForDeploymentPostprocessing = 0;
			shellPath = /bin/sh;
			shellScript = "\"${PODS_ROOT}/Target Support Files/Pods-Pinned/Pods-Pinned-frameworks.sh\"\n";
			showEnvVarsInLog = 0;
		};
		8F4A1ECFCDAB43AA023EC903 /* [CP] Copy Pods Resources */ = {
			isa = PBXShellScriptBuildPhase;
			buildActionMask = 2147483647;
			files = (
			);
			inputFileListPaths = (
				"${PODS_ROOT}/Target Support Files/Pods-Pinned/Pods-Pinned-resources-${CONFIGURATION}-input-files.xcfilelist",
			);
			name = "[CP] Copy Pods Resources";
			outputFileListPaths = (
				"${PODS_ROOT}/Target Support Files/Pods-Pinned/Pods-Pinned-resources-${CONFIGURATION}-output-files.xcfilelist",
			);
			runOnlyForDeploymentPostprocessing = 0;
			shellPath = /bin/sh;
			shellScript = "\"${PODS_ROOT}/Target Support Files/Pods-Pinned/Pods-Pinned-resources.sh\"\n";
			showEnvVarsInLog = 0;
		};
		926C0CB73E26471066749142 /* [CP] Copy Pods Resources */ = {
			isa = PBXShellScriptBuildPhase;
			buildActionMask = 2147483647;
			files = (
			);
			inputFileListPaths = (
				"${PODS_ROOT}/Target Support Files/Pods-Pinned-PinnedUITests/Pods-Pinned-PinnedUITests-resources-${CONFIGURATION}-input-files.xcfilelist",
			);
			name = "[CP] Copy Pods Resources";
			outputFileListPaths = (
				"${PODS_ROOT}/Target Support Files/Pods-Pinned-PinnedUITests/Pods-Pinned-PinnedUITests-resources-${CONFIGURATION}-output-files.xcfilelist",
			);
			runOnlyForDeploymentPostprocessing = 0;
			shellPath = /bin/sh;
			shellScript = "\"${PODS_ROOT}/Target Support Files/Pods-Pinned-PinnedUITests/Pods-Pinned-PinnedUITests-resources.sh\"\n";
			showEnvVarsInLog = 0;
		};
		E614FAF0FFF3AB712AB4D306 /* [CP] Check Pods Manifest.lock */ = {
			isa = PBXShellScriptBuildPhase;
			buildActionMask = 2147483647;
			files = (
			);
			inputFileListPaths = (
			);
			inputPaths = (
				"${PODS_PODFILE_DIR_PATH}/Podfile.lock",
				"${PODS_ROOT}/Manifest.lock",
			);
			name = "[CP] Check Pods Manifest.lock";
			outputFileListPaths = (
			);
			outputPaths = (
				"$(DERIVED_FILE_DIR)/Pods-Pinned-checkManifestLockResult.txt",
			);
			runOnlyForDeploymentPostprocessing = 0;
			shellPath = /bin/sh;
			shellScript = "diff \"${PODS_PODFILE_DIR_PATH}/Podfile.lock\" \"${PODS_ROOT}/Manifest.lock\" > /dev/null\nif [ $? != 0 ] ; then\n    # print error to STDERR\n    echo \"error: The sandbox is not in sync with the Podfile.lock. Run 'pod install' or update your CocoaPods installation.\" >&2\n    exit 1\nfi\n# This output is used by Xcode 'outputs' to avoid re-running this script phase.\necho \"SUCCESS\" > \"${SCRIPT_OUTPUT_FILE_0}\"\n";
			showEnvVarsInLog = 0;
		};
		F38026CCF2D5AAEFCB570E6F /* [CP] Check Pods Manifest.lock */ = {
			isa = PBXShellScriptBuildPhase;
			buildActionMask = 2147483647;
			files = (
			);
			inputFileListPaths = (
			);
			inputPaths = (
				"${PODS_PODFILE_DIR_PATH}/Podfile.lock",
				"${PODS_ROOT}/Manifest.lock",
			);
			name = "[CP] Check Pods Manifest.lock";
			outputFileListPaths = (
			);
			outputPaths = (
				"$(DERIVED_FILE_DIR)/Pods-PinnedTests-checkManifestLockResult.txt",
			);
			runOnlyForDeploymentPostprocessing = 0;
			shellPath = /bin/sh;
			shellScript = "diff \"${PODS_PODFILE_DIR_PATH}/Podfile.lock\" \"${PODS_ROOT}/Manifest.lock\" > /dev/null\nif [ $? != 0 ] ; then\n    # print error to STDERR\n    echo \"error: The sandbox is not in sync with the Podfile.lock. Run 'pod install' or update your CocoaPods installation.\" >&2\n    exit 1\nfi\n# This output is used by Xcode 'outputs' to avoid re-running this script phase.\necho \"SUCCESS\" > \"${SCRIPT_OUTPUT_FILE_0}\"\n";
			showEnvVarsInLog = 0;
		};
/* End PBXShellScriptBuildPhase section */

/* Begin PBXSourcesBuildPhase section */
		9D5C0B4E25BA22CE00BE1AF0 /* Sources */ = {
			isa = PBXSourcesBuildPhase;
			buildActionMask = 2147483647;
			files = (
				9D5C0B5A25BA22CE00BE1AF0 /* LoginViewController.swift in Sources */,
				9D5DA10B25CF3866005662B7 /* SaveViewController.swift in Sources */,
				9D682AA725D0386700BEA0FE /* SearchLocationTableViewController.swift in Sources */,
				9D69E15B25D19A9E001692BF /* exNSAttributedString.swift in Sources */,
				9D682AA225D02C4800BEA0FE /* SelectLocationViewController.swift in Sources */,
				9DB87ED425BB19AE00A1D79B /* MapViewController.swift in Sources */,
				9D3315CC25BC96E00027A454 /* ResizableView.swift in Sources */,
				9D3AE43A25CDD48800B8F858 /* NoteTableViewCell.swift in Sources */,
				9D5C0B5625BA22CE00BE1AF0 /* AppDelegate.swift in Sources */,
				9D3AE43F25CDD4F200B8F858 /* HeaderFooterTableViewCell.swift in Sources */,
				9D5C0B5825BA22CE00BE1AF0 /* SceneDelegate.swift in Sources */,
				9D69E16025D1DDAF001692BF /* exUIFont.swift in Sources */,
				9D7062BB25C9FC2400B2DEB2 /* Note.swift in Sources */,
				9DB87ECC25BB12DA00A1D79B /* SettingsViewController.swift in Sources */,
				9DA4194C25BB8828000EF4D9 /* CreateNoteViewController.swift in Sources */,
				9DB87E7425BAFC4C00A1D79B /* NotesViewController.swift in Sources */,
			);
			runOnlyForDeploymentPostprocessing = 0;
		};
		9D5C0B6425BA22D100BE1AF0 /* Sources */ = {
			isa = PBXSourcesBuildPhase;
			buildActionMask = 2147483647;
			files = (
				9D5C0B6D25BA22D100BE1AF0 /* PinnedTests.swift in Sources */,
			);
			runOnlyForDeploymentPostprocessing = 0;
		};
		9D5C0B6F25BA22D100BE1AF0 /* Sources */ = {
			isa = PBXSourcesBuildPhase;
			buildActionMask = 2147483647;
			files = (
				9D5C0B7825BA22D100BE1AF0 /* PinnedUITests.swift in Sources */,
			);
			runOnlyForDeploymentPostprocessing = 0;
		};
/* End PBXSourcesBuildPhase section */

/* Begin PBXTargetDependency section */
		9D5C0B6A25BA22D100BE1AF0 /* PBXTargetDependency */ = {
			isa = PBXTargetDependency;
			target = 9D5C0B5125BA22CE00BE1AF0 /* Pinned */;
			targetProxy = 9D5C0B6925BA22D100BE1AF0 /* PBXContainerItemProxy */;
		};
		9D5C0B7525BA22D100BE1AF0 /* PBXTargetDependency */ = {
			isa = PBXTargetDependency;
			target = 9D5C0B5125BA22CE00BE1AF0 /* Pinned */;
			targetProxy = 9D5C0B7425BA22D100BE1AF0 /* PBXContainerItemProxy */;
		};
/* End PBXTargetDependency section */

/* Begin PBXVariantGroup section */
		9D5C0B5B25BA22CE00BE1AF0 /* Main.storyboard */ = {
			isa = PBXVariantGroup;
			children = (
				9D5C0B5C25BA22CE00BE1AF0 /* Base */,
			);
			name = Main.storyboard;
			sourceTree = "<group>";
		};
		9D5C0B6025BA22D100BE1AF0 /* LaunchScreen.storyboard */ = {
			isa = PBXVariantGroup;
			children = (
				9D5C0B6125BA22D100BE1AF0 /* Base */,
			);
			name = LaunchScreen.storyboard;
			sourceTree = "<group>";
		};
/* End PBXVariantGroup section */

/* Begin XCBuildConfiguration section */
		9D5C0B7A25BA22D100BE1AF0 /* Debug */ = {
			isa = XCBuildConfiguration;
			buildSettings = {
				ALWAYS_SEARCH_USER_PATHS = NO;
				CLANG_ANALYZER_NONNULL = YES;
				CLANG_ANALYZER_NUMBER_OBJECT_CONVERSION = YES_AGGRESSIVE;
				CLANG_CXX_LANGUAGE_STANDARD = "gnu++14";
				CLANG_CXX_LIBRARY = "libc++";
				CLANG_ENABLE_MODULES = YES;
				CLANG_ENABLE_OBJC_ARC = YES;
				CLANG_ENABLE_OBJC_WEAK = YES;
				CLANG_WARN_BLOCK_CAPTURE_AUTORELEASING = YES;
				CLANG_WARN_BOOL_CONVERSION = YES;
				CLANG_WARN_COMMA = YES;
				CLANG_WARN_CONSTANT_CONVERSION = YES;
				CLANG_WARN_DEPRECATED_OBJC_IMPLEMENTATIONS = YES;
				CLANG_WARN_DIRECT_OBJC_ISA_USAGE = YES_ERROR;
				CLANG_WARN_DOCUMENTATION_COMMENTS = YES;
				CLANG_WARN_EMPTY_BODY = YES;
				CLANG_WARN_ENUM_CONVERSION = YES;
				CLANG_WARN_INFINITE_RECURSION = YES;
				CLANG_WARN_INT_CONVERSION = YES;
				CLANG_WARN_NON_LITERAL_NULL_CONVERSION = YES;
				CLANG_WARN_OBJC_IMPLICIT_RETAIN_SELF = YES;
				CLANG_WARN_OBJC_LITERAL_CONVERSION = YES;
				CLANG_WARN_OBJC_ROOT_CLASS = YES_ERROR;
				CLANG_WARN_QUOTED_INCLUDE_IN_FRAMEWORK_HEADER = YES;
				CLANG_WARN_RANGE_LOOP_ANALYSIS = YES;
				CLANG_WARN_STRICT_PROTOTYPES = YES;
				CLANG_WARN_SUSPICIOUS_MOVE = YES;
				CLANG_WARN_UNGUARDED_AVAILABILITY = YES_AGGRESSIVE;
				CLANG_WARN_UNREACHABLE_CODE = YES;
				CLANG_WARN__DUPLICATE_METHOD_MATCH = YES;
				COPY_PHASE_STRIP = NO;
				DEBUG_INFORMATION_FORMAT = dwarf;
				ENABLE_STRICT_OBJC_MSGSEND = YES;
				ENABLE_TESTABILITY = YES;
				GCC_C_LANGUAGE_STANDARD = gnu11;
				GCC_DYNAMIC_NO_PIC = NO;
				GCC_NO_COMMON_BLOCKS = YES;
				GCC_OPTIMIZATION_LEVEL = 0;
				GCC_PREPROCESSOR_DEFINITIONS = (
					"DEBUG=1",
					"$(inherited)",
				);
				GCC_WARN_64_TO_32_BIT_CONVERSION = YES;
				GCC_WARN_ABOUT_RETURN_TYPE = YES_ERROR;
				GCC_WARN_UNDECLARED_SELECTOR = YES;
				GCC_WARN_UNINITIALIZED_AUTOS = YES_AGGRESSIVE;
				GCC_WARN_UNUSED_FUNCTION = YES;
				GCC_WARN_UNUSED_VARIABLE = YES;
				IPHONEOS_DEPLOYMENT_TARGET = 14.0;
				MTL_ENABLE_DEBUG_INFO = INCLUDE_SOURCE;
				MTL_FAST_MATH = YES;
				ONLY_ACTIVE_ARCH = YES;
				SDKROOT = iphoneos;
				SWIFT_ACTIVE_COMPILATION_CONDITIONS = DEBUG;
				SWIFT_OPTIMIZATION_LEVEL = "-Onone";
			};
			name = Debug;
		};
		9D5C0B7B25BA22D100BE1AF0 /* Release */ = {
			isa = XCBuildConfiguration;
			buildSettings = {
				ALWAYS_SEARCH_USER_PATHS = NO;
				CLANG_ANALYZER_NONNULL = YES;
				CLANG_ANALYZER_NUMBER_OBJECT_CONVERSION = YES_AGGRESSIVE;
				CLANG_CXX_LANGUAGE_STANDARD = "gnu++14";
				CLANG_CXX_LIBRARY = "libc++";
				CLANG_ENABLE_MODULES = YES;
				CLANG_ENABLE_OBJC_ARC = YES;
				CLANG_ENABLE_OBJC_WEAK = YES;
				CLANG_WARN_BLOCK_CAPTURE_AUTORELEASING = YES;
				CLANG_WARN_BOOL_CONVERSION = YES;
				CLANG_WARN_COMMA = YES;
				CLANG_WARN_CONSTANT_CONVERSION = YES;
				CLANG_WARN_DEPRECATED_OBJC_IMPLEMENTATIONS = YES;
				CLANG_WARN_DIRECT_OBJC_ISA_USAGE = YES_ERROR;
				CLANG_WARN_DOCUMENTATION_COMMENTS = YES;
				CLANG_WARN_EMPTY_BODY = YES;
				CLANG_WARN_ENUM_CONVERSION = YES;
				CLANG_WARN_INFINITE_RECURSION = YES;
				CLANG_WARN_INT_CONVERSION = YES;
				CLANG_WARN_NON_LITERAL_NULL_CONVERSION = YES;
				CLANG_WARN_OBJC_IMPLICIT_RETAIN_SELF = YES;
				CLANG_WARN_OBJC_LITERAL_CONVERSION = YES;
				CLANG_WARN_OBJC_ROOT_CLASS = YES_ERROR;
				CLANG_WARN_QUOTED_INCLUDE_IN_FRAMEWORK_HEADER = YES;
				CLANG_WARN_RANGE_LOOP_ANALYSIS = YES;
				CLANG_WARN_STRICT_PROTOTYPES = YES;
				CLANG_WARN_SUSPICIOUS_MOVE = YES;
				CLANG_WARN_UNGUARDED_AVAILABILITY = YES_AGGRESSIVE;
				CLANG_WARN_UNREACHABLE_CODE = YES;
				CLANG_WARN__DUPLICATE_METHOD_MATCH = YES;
				COPY_PHASE_STRIP = NO;
				DEBUG_INFORMATION_FORMAT = "dwarf-with-dsym";
				ENABLE_NS_ASSERTIONS = NO;
				ENABLE_STRICT_OBJC_MSGSEND = YES;
				GCC_C_LANGUAGE_STANDARD = gnu11;
				GCC_NO_COMMON_BLOCKS = YES;
				GCC_WARN_64_TO_32_BIT_CONVERSION = YES;
				GCC_WARN_ABOUT_RETURN_TYPE = YES_ERROR;
				GCC_WARN_UNDECLARED_SELECTOR = YES;
				GCC_WARN_UNINITIALIZED_AUTOS = YES_AGGRESSIVE;
				GCC_WARN_UNUSED_FUNCTION = YES;
				GCC_WARN_UNUSED_VARIABLE = YES;
				IPHONEOS_DEPLOYMENT_TARGET = 14.0;
				MTL_ENABLE_DEBUG_INFO = NO;
				MTL_FAST_MATH = YES;
				SDKROOT = iphoneos;
				SWIFT_COMPILATION_MODE = wholemodule;
				SWIFT_OPTIMIZATION_LEVEL = "-O";
				VALIDATE_PRODUCT = YES;
			};
			name = Release;
		};
		9D5C0B7D25BA22D100BE1AF0 /* Debug */ = {
			isa = XCBuildConfiguration;
			baseConfigurationReference = 7EBF255C4F20767D38FA9887 /* Pods-Pinned.debug.xcconfig */;
			buildSettings = {
				ASSETCATALOG_COMPILER_APPICON_NAME = AppIcon;
				ASSETCATALOG_COMPILER_GLOBAL_ACCENT_COLOR_NAME = AccentColor;
				CODE_SIGN_STYLE = Automatic;
				DEVELOPMENT_TEAM = 3QUQ6B7D95;
				INFOPLIST_FILE = Pinned/Info.plist;
				LD_RUNPATH_SEARCH_PATHS = (
					"$(inherited)",
					"@executable_path/Frameworks",
				);
				PRODUCT_BUNDLE_IDENTIFIER = com.ngohongs.Pinned;
				PRODUCT_NAME = "$(TARGET_NAME)";
				SWIFT_VERSION = 5.0;
				TARGETED_DEVICE_FAMILY = "1,2";
			};
			name = Debug;
		};
		9D5C0B7E25BA22D100BE1AF0 /* Release */ = {
			isa = XCBuildConfiguration;
			baseConfigurationReference = E71DBFE2CA63461FF631E1A6 /* Pods-Pinned.release.xcconfig */;
			buildSettings = {
				ASSETCATALOG_COMPILER_APPICON_NAME = AppIcon;
				ASSETCATALOG_COMPILER_GLOBAL_ACCENT_COLOR_NAME = AccentColor;
				CODE_SIGN_STYLE = Automatic;
				DEVELOPMENT_TEAM = 3QUQ6B7D95;
				INFOPLIST_FILE = Pinned/Info.plist;
				LD_RUNPATH_SEARCH_PATHS = (
					"$(inherited)",
					"@executable_path/Frameworks",
				);
				PRODUCT_BUNDLE_IDENTIFIER = com.ngohongs.Pinned;
				PRODUCT_NAME = "$(TARGET_NAME)";
				SWIFT_VERSION = 5.0;
				TARGETED_DEVICE_FAMILY = "1,2";
			};
			name = Release;
		};
		9D5C0B8025BA22D100BE1AF0 /* Debug */ = {
			isa = XCBuildConfiguration;
			baseConfigurationReference = 0E0A84CC11421AF9CF4EBED0 /* Pods-PinnedTests.debug.xcconfig */;
			buildSettings = {
				ALWAYS_EMBED_SWIFT_STANDARD_LIBRARIES = YES;
				BUNDLE_LOADER = "$(TEST_HOST)";
				CODE_SIGN_STYLE = Automatic;
				DEVELOPMENT_TEAM = 3QUQ6B7D95;
				INFOPLIST_FILE = PinnedTests/Info.plist;
				IPHONEOS_DEPLOYMENT_TARGET = 14.3;
				LD_RUNPATH_SEARCH_PATHS = (
					"$(inherited)",
					"@executable_path/Frameworks",
					"@loader_path/Frameworks",
				);
				PRODUCT_BUNDLE_IDENTIFIER = com.ngohongs.PinnedTests;
				PRODUCT_NAME = "$(TARGET_NAME)";
				SWIFT_VERSION = 5.0;
				TARGETED_DEVICE_FAMILY = "1,2";
				TEST_HOST = "$(BUILT_PRODUCTS_DIR)/Pinned.app/Pinned";
			};
			name = Debug;
		};
		9D5C0B8125BA22D100BE1AF0 /* Release */ = {
			isa = XCBuildConfiguration;
			baseConfigurationReference = 1DCB65627DAC11E638A2F3F1 /* Pods-PinnedTests.release.xcconfig */;
			buildSettings = {
				ALWAYS_EMBED_SWIFT_STANDARD_LIBRARIES = YES;
				BUNDLE_LOADER = "$(TEST_HOST)";
				CODE_SIGN_STYLE = Automatic;
				DEVELOPMENT_TEAM = 3QUQ6B7D95;
				INFOPLIST_FILE = PinnedTests/Info.plist;
				IPHONEOS_DEPLOYMENT_TARGET = 14.3;
				LD_RUNPATH_SEARCH_PATHS = (
					"$(inherited)",
					"@executable_path/Frameworks",
					"@loader_path/Frameworks",
				);
				PRODUCT_BUNDLE_IDENTIFIER = com.ngohongs.PinnedTests;
				PRODUCT_NAME = "$(TARGET_NAME)";
				SWIFT_VERSION = 5.0;
				TARGETED_DEVICE_FAMILY = "1,2";
				TEST_HOST = "$(BUILT_PRODUCTS_DIR)/Pinned.app/Pinned";
			};
			name = Release;
		};
		9D5C0B8325BA22D100BE1AF0 /* Debug */ = {
			isa = XCBuildConfiguration;
			baseConfigurationReference = 1A5C5D1D1C61CB5E7F923EA9 /* Pods-Pinned-PinnedUITests.debug.xcconfig */;
			buildSettings = {
				ALWAYS_EMBED_SWIFT_STANDARD_LIBRARIES = YES;
				CODE_SIGN_STYLE = Automatic;
				DEVELOPMENT_TEAM = 3QUQ6B7D95;
				INFOPLIST_FILE = PinnedUITests/Info.plist;
				LD_RUNPATH_SEARCH_PATHS = (
					"$(inherited)",
					"@executable_path/Frameworks",
					"@loader_path/Frameworks",
				);
				PRODUCT_BUNDLE_IDENTIFIER = com.ngohongs.PinnedUITests;
				PRODUCT_NAME = "$(TARGET_NAME)";
				SWIFT_VERSION = 5.0;
				TARGETED_DEVICE_FAMILY = "1,2";
				TEST_TARGET_NAME = Pinned;
			};
			name = Debug;
		};
		9D5C0B8425BA22D100BE1AF0 /* Release */ = {
			isa = XCBuildConfiguration;
			baseConfigurationReference = 8653BBE5D305B090FC309D75 /* Pods-Pinned-PinnedUITests.release.xcconfig */;
			buildSettings = {
				ALWAYS_EMBED_SWIFT_STANDARD_LIBRARIES = YES;
				CODE_SIGN_STYLE = Automatic;
				DEVELOPMENT_TEAM = 3QUQ6B7D95;
				INFOPLIST_FILE = PinnedUITests/Info.plist;
				LD_RUNPATH_SEARCH_PATHS = (
					"$(inherited)",
					"@executable_path/Frameworks",
					"@loader_path/Frameworks",
				);
				PRODUCT_BUNDLE_IDENTIFIER = com.ngohongs.PinnedUITests;
				PRODUCT_NAME = "$(TARGET_NAME)";
				SWIFT_VERSION = 5.0;
				TARGETED_DEVICE_FAMILY = "1,2";
				TEST_TARGET_NAME = Pinned;
			};
			name = Release;
		};
/* End XCBuildConfiguration section */

/* Begin XCConfigurationList section */
		9D5C0B4D25BA22CE00BE1AF0 /* Build configuration list for PBXProject "Pinned" */ = {
			isa = XCConfigurationList;
			buildConfigurations = (
				9D5C0B7A25BA22D100BE1AF0 /* Debug */,
				9D5C0B7B25BA22D100BE1AF0 /* Release */,
			);
			defaultConfigurationIsVisible = 0;
			defaultConfigurationName = Release;
		};
		9D5C0B7C25BA22D100BE1AF0 /* Build configuration list for PBXNativeTarget "Pinned" */ = {
			isa = XCConfigurationList;
			buildConfigurations = (
				9D5C0B7D25BA22D100BE1AF0 /* Debug */,
				9D5C0B7E25BA22D100BE1AF0 /* Release */,
			);
			defaultConfigurationIsVisible = 0;
			defaultConfigurationName = Release;
		};
		9D5C0B7F25BA22D100BE1AF0 /* Build configuration list for PBXNativeTarget "PinnedTests" */ = {
			isa = XCConfigurationList;
			buildConfigurations = (
				9D5C0B8025BA22D100BE1AF0 /* Debug */,
				9D5C0B8125BA22D100BE1AF0 /* Release */,
			);
			defaultConfigurationIsVisible = 0;
			defaultConfigurationName = Release;
		};
		9D5C0B8225BA22D100BE1AF0 /* Build configuration list for PBXNativeTarget "PinnedUITests" */ = {
			isa = XCConfigurationList;
			buildConfigurations = (
				9D5C0B8325BA22D100BE1AF0 /* Debug */,
				9D5C0B8425BA22D100BE1AF0 /* Release */,
			);
			defaultConfigurationIsVisible = 0;
			defaultConfigurationName = Release;
		};
/* End XCConfigurationList section */

/* Begin XCRemoteSwiftPackageReference section */
		9D74126525BA436800B940B4 /* XCRemoteSwiftPackageReference "CodableFirebase" */ = {
			isa = XCRemoteSwiftPackageReference;
			repositoryURL = "https://github.com/alickbass/CodableFirebase.git";
			requirement = {
				kind = upToNextMajorVersion;
				minimumVersion = 0.2.2;
			};
		};
/* End XCRemoteSwiftPackageReference section */

/* Begin XCSwiftPackageProductDependency section */
		9D74126625BA436800B940B4 /* CodableFirebase */ = {
			isa = XCSwiftPackageProductDependency;
			package = 9D74126525BA436800B940B4 /* XCRemoteSwiftPackageReference "CodableFirebase" */;
			productName = CodableFirebase;
		};
/* End XCSwiftPackageProductDependency section */
	};
	rootObject = 9D5C0B4A25BA22CE00BE1AF0 /* Project object */;
}
